
Microsoft Visual Studio Solution File, Format Version 12.00
# Visual Studio Version 17
VisualStudioVersion = 17.7.34009.444
MinimumVisualStudioVersion = 10.0.40219.1
Project("{FAE04EC0-301F-11D3-BF4B-00C04F79EFBC}") = "ChatApp", "ChatApp\ChatApp.csproj", "{07632915-68D4-473C-8B77-B2D543CA2121}"
EndProject
Global
	GlobalSection(SolutionConfigurationPlatforms) = preSolution
		Debug|Any CPU = Debug|Any CPU
		Release|Any CPU = Release|Any CPU
	EndGlobalSection
	GlobalSection(ProjectConfigurationPlatforms) = postSolution
		{07632915-68D4-473C-8B77-B2D543CA2121}.Debug|Any CPU.ActiveCfg = Debug|Any CPU
		{07632915-68D4-473C-8B77-B2D543CA2121}.Debug|Any CPU.Build.0 = Debug|Any CPU
		{07632915-68D4-473C-8B77-B2D543CA2121}.Release|Any CPU.ActiveCfg = Release|Any CPU
		{07632915-68D4-473C-8B77-B2D543CA2121}.Release|Any CPU.Build.0 = Release|Any CPU
	EndGlobalSection
	GlobalSection(SolutionProperties) = preSolution
		HideSolutionNode = FALSE
	EndGlobalSection
	GlobalSection(ExtensibilityGlobals) = postSolution
		SolutionGuid = {A2888452-16F7-4AA9-BA9F-A1FBDD4BF066}
	EndGlobalSection
EndGlobal
